
Microsoft Visual Studio Solution File, Format Version 12.00
# Visual Studio 15
VisualStudioVersion = 15.0.28307.136
MinimumVisualStudioVersion = 10.0.40219.1
Project("{FAE04EC0-301F-11D3-BF4B-00C04F79EFBC}") = "Employees.Web", "Employees\Employees.Web.csproj", "{E8F7250C-C4FD-42CF-8506-7EDAE053049C}"
EndProject
Project("{FAE04EC0-301F-11D3-BF4B-00C04F79EFBC}") = "Employees.Tests", "Employees.Tests\Employees.Tests.csproj", "{FEE4E001-4FE6-44D3-B57E-A6A59AF32BF0}"
EndProject
Project("{FAE04EC0-301F-11D3-BF4B-00C04F79EFBC}") = "Employees.Core", "Employees.Core\Employees.Core.csproj", "{FA6A3777-7B23-4B6D-87B5-6C9B045CCC08}"
EndProject
Project("{FAE04EC0-301F-11D3-BF4B-00C04F79EFBC}") = "Employees.Infrastructure", "Employees.Infrastructure\Employees.Infrastructure.csproj", "{7105E1F6-5D3E-4333-9128-BD753ED55D6F}"
EndProject
Global
	GlobalSection(SolutionConfigurationPlatforms) = preSolution
		Debug|Any CPU = Debug|Any CPU
		Release|Any CPU = Release|Any CPU
	EndGlobalSection
	GlobalSection(ProjectConfigurationPlatforms) = postSolution
		{E8F7250C-C4FD-42CF-8506-7EDAE053049C}.Debug|Any CPU.ActiveCfg = Debug|Any CPU
		{E8F7250C-C4FD-42CF-8506-7EDAE053049C}.Debug|Any CPU.Build.0 = Debug|Any CPU
		{E8F7250C-C4FD-42CF-8506-7EDAE053049C}.Release|Any CPU.ActiveCfg = Release|Any CPU
		{E8F7250C-C4FD-42CF-8506-7EDAE053049C}.Release|Any CPU.Build.0 = Release|Any CPU
		{FEE4E001-4FE6-44D3-B57E-A6A59AF32BF0}.Debug|Any CPU.ActiveCfg = Debug|Any CPU
		{FEE4E001-4FE6-44D3-B57E-A6A59AF32BF0}.Debug|Any CPU.Build.0 = Debug|Any CPU
		{FEE4E001-4FE6-44D3-B57E-A6A59AF32BF0}.Release|Any CPU.ActiveCfg = Release|Any CPU
		{FEE4E001-4FE6-44D3-B57E-A6A59AF32BF0}.Release|Any CPU.Build.0 = Release|Any CPU
		{FA6A3777-7B23-4B6D-87B5-6C9B045CCC08}.Debug|Any CPU.ActiveCfg = Debug|Any CPU
		{FA6A3777-7B23-4B6D-87B5-6C9B045CCC08}.Debug|Any CPU.Build.0 = Debug|Any CPU
		{FA6A3777-7B23-4B6D-87B5-6C9B045CCC08}.Release|Any CPU.ActiveCfg = Release|Any CPU
		{FA6A3777-7B23-4B6D-87B5-6C9B045CCC08}.Release|Any CPU.Build.0 = Release|Any CPU
		{7105E1F6-5D3E-4333-9128-BD753ED55D6F}.Debug|Any CPU.ActiveCfg = Debug|Any CPU
		{7105E1F6-5D3E-4333-9128-BD753ED55D6F}.Debug|Any CPU.Build.0 = Debug|Any CPU
		{7105E1F6-5D3E-4333-9128-BD753ED55D6F}.Release|Any CPU.ActiveCfg = Release|Any CPU
		{7105E1F6-5D3E-4333-9128-BD753ED55D6F}.Release|Any CPU.Build.0 = Release|Any CPU
	EndGlobalSection
	GlobalSection(SolutionProperties) = preSolution
		HideSolutionNode = FALSE
	EndGlobalSection
	GlobalSection(ExtensibilityGlobals) = postSolution
		SolutionGuid = {992027A1-35DC-46B1-85FF-FF74F853CD5A}
	EndGlobalSection
EndGlobal
